
Microsoft Visual Studio Solution File, Format Version 12.00
# Visual Studio Version 17
VisualStudioVersion = 17.3.32922.545
MinimumVisualStudioVersion = 10.0.40219.1
Project("{2150E333-8FDC-42A3-9474-1A3956D46DE8}") = "Week4", "Week4", "{FBC24A43-C0FF-4965-AAC4-8B282FEB573C}"
EndProject
Project("{2150E333-8FDC-42A3-9474-1A3956D46DE8}") = "Week2", "Week2", "{732D7A04-51B7-4B57-B2DB-5D2EA292C1E5}"
EndProject
Project("{2150E333-8FDC-42A3-9474-1A3956D46DE8}") = "Week3", "Week3", "{EF43C3D6-8553-4541-91B0-26AEB1B762D8}"
EndProject
Project("{2150E333-8FDC-42A3-9474-1A3956D46DE8}") = "Week6", "Week6", "{D0E4D767-6FFF-4792-8C68-AC6F9BDDBCF4}"
EndProject
Project("{9A19103F-16F7-4668-BE54-9A1E7A4F7556}") = "Hafta5_Abstract_clas", "Week5\Abstract_clas\Hafta5_Abstract_clas.csproj", "{79C4A7F2-9115-47D9-B771-167A0704F35B}"
EndProject
Project("{9A19103F-16F7-4668-BE54-9A1E7A4F7556}") = "Hafta5_StaticClas", "Week5\StaticClass\Hafta5_StaticClas.csproj", "{8A1A21AB-1F9A-46E1-84AB-EF51459B3628}"
EndProject
Project("{2150E333-8FDC-42A3-9474-1A3956D46DE8}") = "Week5", "Week5", "{91BC6368-EBB1-4F37-A916-8FD3DB64CA3A}"
EndProject
Project("{9A19103F-16F7-4668-BE54-9A1E7A4F7556}") = "Hafta6_Interface", "Week6\Interface\Hafta6_Interface.csproj", "{4796D5C2-954B-4431-9EBB-BBC49A579C1E}"
EndProject
Project("{9A19103F-16F7-4668-BE54-9A1E7A4F7556}") = "Hafta3_odev", "Week3\Hafta3_odev\Hafta3_odev.csproj", "{A0C9011B-8CB8-4E15-B87E-A8D9EF40A6B9}"
EndProject
Project("{9A19103F-16F7-4668-BE54-9A1E7A4F7556}") = "Hafta3_StudentsManager", "Week3\StudentManager\Hafta3_StudentsManager.csproj", "{10343AC7-A191-42F5-94A9-B0083D653D31}"
EndProject
Project("{9A19103F-16F7-4668-BE54-9A1E7A4F7556}") = "Hafta2_odev", "Week2\Employee\Hafta2_odev.csproj", "{A5D6D529-A566-4FD9-B6CF-975A69F5A7A7}"
EndProject
Project("{9A19103F-16F7-4668-BE54-9A1E7A4F7556}") = "Inheritance", "Week4\Inheritance\Inheritance.csproj", "{2F6B2A03-1C6C-46AC-9F8C-30D862A22211}"
EndProject
Project("{9A19103F-16F7-4668-BE54-9A1E7A4F7556}") = "Hafta4_Inheritance_lab", "Week4\Inheritance_lab\Hafta4_Inheritance_lab.csproj", "{7E46009F-C416-474D-BA9B-AE970B71327B}"
EndProject
Global
	GlobalSection(SolutionConfigurationPlatforms) = preSolution
		Debug|Any CPU = Debug|Any CPU
		Release|Any CPU = Release|Any CPU
	EndGlobalSection
	GlobalSection(ProjectConfigurationPlatforms) = postSolution
		{79C4A7F2-9115-47D9-B771-167A0704F35B}.Debug|Any CPU.ActiveCfg = Debug|Any CPU
		{79C4A7F2-9115-47D9-B771-167A0704F35B}.Debug|Any CPU.Build.0 = Debug|Any CPU
		{79C4A7F2-9115-47D9-B771-167A0704F35B}.Release|Any CPU.ActiveCfg = Release|Any CPU
		{79C4A7F2-9115-47D9-B771-167A0704F35B}.Release|Any CPU.Build.0 = Release|Any CPU
		{8A1A21AB-1F9A-46E1-84AB-EF51459B3628}.Debug|Any CPU.ActiveCfg = Debug|Any CPU
		{8A1A21AB-1F9A-46E1-84AB-EF51459B3628}.Debug|Any CPU.Build.0 = Debug|Any CPU
		{8A1A21AB-1F9A-46E1-84AB-EF51459B3628}.Release|Any CPU.ActiveCfg = Release|Any CPU
		{8A1A21AB-1F9A-46E1-84AB-EF51459B3628}.Release|Any CPU.Build.0 = Release|Any CPU
		{4796D5C2-954B-4431-9EBB-BBC49A579C1E}.Debug|Any CPU.ActiveCfg = Debug|Any CPU
		{4796D5C2-954B-4431-9EBB-BBC49A579C1E}.Debug|Any CPU.Build.0 = Debug|Any CPU
		{4796D5C2-954B-4431-9EBB-BBC49A579C1E}.Release|Any CPU.ActiveCfg = Release|Any CPU
		{4796D5C2-954B-4431-9EBB-BBC49A579C1E}.Release|Any CPU.Build.0 = Release|Any CPU
		{A0C9011B-8CB8-4E15-B87E-A8D9EF40A6B9}.Debug|Any CPU.ActiveCfg = Debug|Any CPU
		{A0C9011B-8CB8-4E15-B87E-A8D9EF40A6B9}.Debug|Any CPU.Build.0 = Debug|Any CPU
		{A0C9011B-8CB8-4E15-B87E-A8D9EF40A6B9}.Release|Any CPU.ActiveCfg = Release|Any CPU
		{A0C9011B-8CB8-4E15-B87E-A8D9EF40A6B9}.Release|Any CPU.Build.0 = Release|Any CPU
		{10343AC7-A191-42F5-94A9-B0083D653D31}.Debug|Any CPU.ActiveCfg = Debug|Any CPU
		{10343AC7-A191-42F5-94A9-B0083D653D31}.Debug|Any CPU.Build.0 = Debug|Any CPU
		{10343AC7-A191-42F5-94A9-B0083D653D31}.Release|Any CPU.ActiveCfg = Release|Any CPU
		{10343AC7-A191-42F5-94A9-B0083D653D31}.Release|Any CPU.Build.0 = Release|Any CPU
		{A5D6D529-A566-4FD9-B6CF-975A69F5A7A7}.Debug|Any CPU.ActiveCfg = Debug|Any CPU
		{A5D6D529-A566-4FD9-B6CF-975A69F5A7A7}.Debug|Any CPU.Build.0 = Debug|Any CPU
		{A5D6D529-A566-4FD9-B6CF-975A69F5A7A7}.Release|Any CPU.ActiveCfg = Release|Any CPU
		{A5D6D529-A566-4FD9-B6CF-975A69F5A7A7}.Release|Any CPU.Build.0 = Release|Any CPU
		{2F6B2A03-1C6C-46AC-9F8C-30D862A22211}.Debug|Any CPU.ActiveCfg = Debug|Any CPU
		{2F6B2A03-1C6C-46AC-9F8C-30D862A22211}.Debug|Any CPU.Build.0 = Debug|Any CPU
		{2F6B2A03-1C6C-46AC-9F8C-30D862A22211}.Release|Any CPU.ActiveCfg = Release|Any CPU
		{2F6B2A03-1C6C-46AC-9F8C-30D862A22211}.Release|Any CPU.Build.0 = Release|Any CPU
		{7E46009F-C416-474D-BA9B-AE970B71327B}.Debug|Any CPU.ActiveCfg = Debug|Any CPU
		{7E46009F-C416-474D-BA9B-AE970B71327B}.Debug|Any CPU.Build.0 = Debug|Any CPU
		{7E46009F-C416-474D-BA9B-AE970B71327B}.Release|Any CPU.ActiveCfg = Release|Any CPU
		{7E46009F-C416-474D-BA9B-AE970B71327B}.Release|Any CPU.Build.0 = Release|Any CPU
	EndGlobalSection
	GlobalSection(SolutionProperties) = preSolution
		HideSolutionNode = FALSE
	EndGlobalSection
	GlobalSection(NestedProjects) = preSolution
		{79C4A7F2-9115-47D9-B771-167A0704F35B} = {91BC6368-EBB1-4F37-A916-8FD3DB64CA3A}
		{8A1A21AB-1F9A-46E1-84AB-EF51459B3628} = {91BC6368-EBB1-4F37-A916-8FD3DB64CA3A}
		{4796D5C2-954B-4431-9EBB-BBC49A579C1E} = {D0E4D767-6FFF-4792-8C68-AC6F9BDDBCF4}
		{A0C9011B-8CB8-4E15-B87E-A8D9EF40A6B9} = {EF43C3D6-8553-4541-91B0-26AEB1B762D8}
		{10343AC7-A191-42F5-94A9-B0083D653D31} = {EF43C3D6-8553-4541-91B0-26AEB1B762D8}
		{A5D6D529-A566-4FD9-B6CF-975A69F5A7A7} = {732D7A04-51B7-4B57-B2DB-5D2EA292C1E5}
		{2F6B2A03-1C6C-46AC-9F8C-30D862A22211} = {FBC24A43-C0FF-4965-AAC4-8B282FEB573C}
		{7E46009F-C416-474D-BA9B-AE970B71327B} = {FBC24A43-C0FF-4965-AAC4-8B282FEB573C}
	EndGlobalSection
	GlobalSection(ExtensibilityGlobals) = postSolution
		SolutionGuid = {F0E3C03A-BBDA-4FA4-B259-7EF4E13CD379}
	EndGlobalSection
EndGlobal
